# THIS IS AN AUTOGENERATED FILE. DO NOT EDIT THIS FILE DIRECTLY.
# yarn lockfile v1


"@mdi/js@^7.4.47":
  version "7.4.47"
  resolved "https://registry.yarnpkg.com/@mdi/js/-/js-7.4.47.tgz#7d8a4edc9631bffeed80d1ec784f9beae559a76a"
  integrity sha512-KPnNOtm5i2pMabqZxpUz7iQf+mfrYZyKCZ8QNz85czgEt7cuHcGorWfdzUMWYA0SD+a6Hn4FmJ+YhzzzjkTZrQ==

"@vue/devtools-api@^6.5.1":
  version "6.6.3"
  resolved "https://registry.yarnpkg.com/@vue/devtools-api/-/devtools-api-6.6.3.tgz#b23a588154cba8986bba82b6e1d0248bde3fd1a0"
  integrity sha512-0MiMsFma/HqA6g3KLKn+AGpL1kgKhFWszC9U29NfpWK5LE7bjeXxySWJrOJ77hBz+TBrBQ7o4QJqbPbqbs8rJw==

vue-router@^4.3.2:
  version "4.3.2"
  resolved "https://registry.yarnpkg.com/vue-router/-/vue-router-4.3.2.tgz#08096c7765dacc6832f58e35f7a081a8b34116a7"
  integrity sha512-hKQJ1vDAZ5LVkKEnHhmm1f9pMiWIBNGF5AwU67PdH7TyXCj/a4hTccuUuYCAMgJK6rO/NVYtQIEN3yL8CECa7Q==
  dependencies:
    "@vue/devtools-api" "^6.5.1"
